
Microsoft Visual Studio Solution File, Format Version 12.00
# Visual Studio Version 17
VisualStudioVersion = 17.14.36109.1 d17.14
MinimumVisualStudioVersion = 10.0.40219.1
Project("{FAE04EC0-301F-11D3-BF4B-00C04F79EFBC}") = "PlatformInvoke", "PlatformInvoke\PlatformInvoke.csproj", "{C45D69A2-4F7B-4ADB-AA01-E7084F11176C}"
EndProject
Global
	GlobalSection(SolutionConfigurationPlatforms) = preSolution
		Debug|Any CPU = Debug|Any CPU
		Release|Any CPU = Release|Any CPU
	EndGlobalSection
	GlobalSection(ProjectConfigurationPlatforms) = postSolution
		{C45D69A2-4F7B-4ADB-AA01-E7084F11176C}.Debug|Any CPU.ActiveCfg = Debug|Any CPU
		{C45D69A2-4F7B-4ADB-AA01-E7084F11176C}.Debug|Any CPU.Build.0 = Debug|Any CPU
		{C45D69A2-4F7B-4ADB-AA01-E7084F11176C}.Release|Any CPU.ActiveCfg = Release|Any CPU
		{C45D69A2-4F7B-4ADB-AA01-E7084F11176C}.Release|Any CPU.Build.0 = Release|Any CPU
	EndGlobalSection
	GlobalSection(SolutionProperties) = preSolution
		HideSolutionNode = FALSE
	EndGlobalSection
	GlobalSection(ExtensibilityGlobals) = postSolution
		SolutionGuid = {A868872F-8BCD-4973-95A0-8EC10C44AF35}
	EndGlobalSection
EndGlobal
