
Microsoft Visual Studio Solution File, Format Version 12.00
# Visual Studio Version 17
VisualStudioVersion = 17.4.33213.308
MinimumVisualStudioVersion = 10.0.40219.1
Project("{FAE04EC0-301F-11D3-BF4B-00C04F79EFBC}") = "EfCoreRelations", "EfCoreRelations\EfCoreRelations.csproj", "{F465245B-87D3-4B5C-8829-5462A19BD2DD}"
EndProject
Global
	GlobalSection(SolutionConfigurationPlatforms) = preSolution
		Debug|Any CPU = Debug|Any CPU
		Release|Any CPU = Release|Any CPU
	EndGlobalSection
	GlobalSection(ProjectConfigurationPlatforms) = postSolution
		{F465245B-87D3-4B5C-8829-5462A19BD2DD}.Debug|Any CPU.ActiveCfg = Debug|Any CPU
		{F465245B-87D3-4B5C-8829-5462A19BD2DD}.Debug|Any CPU.Build.0 = Debug|Any CPU
		{F465245B-87D3-4B5C-8829-5462A19BD2DD}.Release|Any CPU.ActiveCfg = Release|Any CPU
		{F465245B-87D3-4B5C-8829-5462A19BD2DD}.Release|Any CPU.Build.0 = Release|Any CPU
	EndGlobalSection
	GlobalSection(SolutionProperties) = preSolution
		HideSolutionNode = FALSE
	EndGlobalSection
	GlobalSection(ExtensibilityGlobals) = postSolution
		SolutionGuid = {DA176BF6-A540-42B1-A3B9-973B1D4387A6}
	EndGlobalSection
EndGlobal
